// !$*UTF8*$!
{
	archiveVersion = 1;
	classes = {
	};
	objectVersion = 46;
	objects = {

/* Begin PBXBuildFile section */
		58C8F1EE1A0DD878001D08CF /* main.m in Sources */ = {isa = PBXBuildFile; fileRef = 58C8F1ED1A0DD878001D08CF /* main.m */; };
		58C8F1F11A0DD878001D08CF /* AppDelegate.m in Sources */ = {isa = PBXBuildFile; fileRef = 58C8F1F01A0DD878001D08CF /* AppDelegate.m */; };
		58C8F1FA1A0DD878001D08CF /* Main.storyboard in Resources */ = {isa = PBXBuildFile; fileRef = 58C8F1F81A0DD878001D08CF /* Main.storyboard */; };
		58C8F1FC1A0DD878001D08CF /* Images.xcassets in Resources */ = {isa = PBXBuildFile; fileRef = 58C8F1FB1A0DD878001D08CF /* Images.xcassets */; };
		58C8F1FF1A0DD878001D08CF /* LaunchScreen.xib in Resources */ = {isa = PBXBuildFile; fileRef = 58C8F1FD1A0DD878001D08CF /* LaunchScreen.xib */; };
		58C8F2161A0DE0FC001D08CF /* RemoteResourceTableViewController.m in Sources */ = {isa = PBXBuildFile; fileRef = 58C8F2151A0DE0FC001D08CF /* RemoteResourceTableViewController.m */; };
		58C8F2191A0DE5B6001D08CF /* LoadTableViewCell.m in Sources */ = {isa = PBXBuildFile; fileRef = 58C8F2181A0DE5B6001D08CF /* LoadTableViewCell.m */; };
		58C8F21C1A0DEA0C001D08CF /* IndexTableViewController.m in Sources */ = {isa = PBXBuildFile; fileRef = 58C8F21B1A0DEA0C001D08CF /* IndexTableViewController.m */; };
/* End PBXBuildFile section */

/* Begin PBXContainerItemProxy section */
		58C8F2051A0DD878001D08CF /* PBXContainerItemProxy */ = {
			isa = PBXContainerItemProxy;
			containerPortal = 58C8F1E01A0DD878001D08CF /* Project object */;
			proxyType = 1;
			remoteGlobalIDString = 58C8F1E71A0DD878001D08CF;
			remoteInfo = "SPDY Demo";
		};
/* End PBXContainerItemProxy section */

/* Begin PBXFileReference section */
		58C8F1E81A0DD878001D08CF /* SPDY Demo.app */ = {isa = PBXFileReference; explicitFileType = wrapper.application; includeInIndex = 0; path = "SPDY Demo.app"; sourceTree = BUILT_PRODUCTS_DIR; };
		58C8F1EC1A0DD878001D08CF /* Info.plist */ = {isa = PBXFileReference; lastKnownFileType = text.plist.xml; path = Info.plist; sourceTree = "<group>"; };
		58C8F1ED1A0DD878001D08CF /* main.m */ = {isa = PBXFileReference; lastKnownFileType = sourcecode.c.objc; path = main.m; sourceTree = "<group>"; };
		58C8F1EF1A0DD878001D08CF /* AppDelegate.h */ = {isa = PBXFileReference; lastKnownFileType = sourcecode.c.h; path = AppDelegate.h; sourceTree = "<group>"; };
		58C8F1F01A0DD878001D08CF /* AppDelegate.m */ = {isa = PBXFileReference; lastKnownFileType = sourcecode.c.objc; path = AppDelegate.m; sourceTree = "<group>"; };
		58C8F1F91A0DD878001D08CF /* Base */ = {isa = PBXFileReference; lastKnownFileType = file.storyboard; name = Base; path = Base.lproj/Main.storyboard; sourceTree = "<group>"; };
		58C8F1FB1A0DD878001D08CF /* Images.xcassets */ = {isa = PBXFileReference; lastKnownFileType = folder.assetcatalog; path = Images.xcassets; sourceTree = "<group>"; };
		58C8F1FE1A0DD878001D08CF /* Base */ = {isa = PBXFileReference; lastKnownFileType = file.xib; name = Base; path = Base.lproj/LaunchScreen.xib; sourceTree = "<group>"; };
		58C8F2041A0DD878001D08CF /* SPDY DemoTests.xctest */ = {isa = PBXFileReference; explicitFileType = wrapper.cfbundle; includeInIndex = 0; path = "SPDY DemoTests.xctest"; sourceTree = BUILT_PRODUCTS_DIR; };
		58C8F2141A0DE0FC001D08CF /* RemoteResourceTableViewController.h */ = {isa = PBXFileReference; fileEncoding = 4; lastKnownFileType = sourcecode.c.h; path = RemoteResourceTableViewController.h; sourceTree = "<group>"; };
		58C8F2151A0DE0FC001D08CF /* RemoteResourceTableViewController.m */ = {isa = PBXFileReference; fileEncoding = 4; lastKnownFileType = sourcecode.c.objc; path = RemoteResourceTableViewController.m; sourceTree = "<group>"; };
		58C8F2171A0DE5B6001D08CF /* LoadTableViewCell.h */ = {isa = PBXFileReference; fileEncoding = 4; lastKnownFileType = sourcecode.c.h; path = LoadTableViewCell.h; sourceTree = "<group>"; };
		58C8F2181A0DE5B6001D08CF /* LoadTableViewCell.m */ = {isa = PBXFileReference; fileEncoding = 4; lastKnownFileType = sourcecode.c.objc; path = LoadTableViewCell.m; sourceTree = "<group>"; };
		58C8F21A1A0DEA0C001D08CF /* IndexTableViewController.h */ = {isa = PBXFileReference; fileEncoding = 4; lastKnownFileType = sourcecode.c.h; path = IndexTableViewController.h; sourceTree = "<group>"; };
		58C8F21B1A0DEA0C001D08CF /* IndexTableViewController.m */ = {isa = PBXFileReference; fileEncoding = 4; lastKnownFileType = sourcecode.c.objc; path = IndexTableViewController.m; sourceTree = "<group>"; };
/* End PBXFileReference section */

/* Begin PBXFrameworksBuildPhase section */
		58C8F1E51A0DD878001D08CF /* Frameworks */ = {
			isa = PBXFrameworksBuildPhase;
			buildActionMask = 2147483647;
			files = (
			);
			runOnlyForDeploymentPostprocessing = 0;
		};
		58C8F2011A0DD878001D08CF /* Frameworks */ = {
			isa = PBXFrameworksBuildPhase;
			buildActionMask = 2147483647;
			files = (
			);
			runOnlyForDeploymentPostprocessing = 0;
		};
/* End PBXFrameworksBuildPhase section */

/* Begin PBXGroup section */
		58C8F1DF1A0DD878001D08CF = {
			isa = PBXGroup;
			children = (
				58C8F1EA1A0DD878001D08CF /* SPDY Demo */,
				58C8F1E91A0DD878001D08CF /* Products */,
			);
			sourceTree = "<group>";
		};
		58C8F1E91A0DD878001D08CF /* Products */ = {
			isa = PBXGroup;
			children = (
				58C8F1E81A0DD878001D08CF /* SPDY Demo.app */,
				58C8F2041A0DD878001D08CF /* SPDY DemoTests.xctest */,
			);
			name = Products;
			sourceTree = "<group>";
		};
		58C8F1EA1A0DD878001D08CF /* SPDY Demo */ = {
			isa = PBXGroup;
			children = (
				58C8F1EF1A0DD878001D08CF /* AppDelegate.h */,
				58C8F1F01A0DD878001D08CF /* AppDelegate.m */,
				58C8F1F81A0DD878001D08CF /* Main.storyboard */,
				58C8F1FB1A0DD878001D08CF /* Images.xcassets */,
				58C8F1FD1A0DD878001D08CF /* LaunchScreen.xib */,
				58C8F1EB1A0DD878001D08CF /* Supporting Files */,
				58C8F2141A0DE0FC001D08CF /* RemoteResourceTableViewController.h */,
				58C8F2151A0DE0FC001D08CF /* RemoteResourceTableViewController.m */,
				58C8F2171A0DE5B6001D08CF /* LoadTableViewCell.h */,
				58C8F2181A0DE5B6001D08CF /* LoadTableViewCell.m */,
				58C8F21A1A0DEA0C001D08CF /* IndexTableViewController.h */,
				58C8F21B1A0DEA0C001D08CF /* IndexTableViewController.m */,
			);
			path = "SPDY Demo";
			sourceTree = "<group>";
		};
		58C8F1EB1A0DD878001D08CF /* Supporting Files */ = {
			isa = PBXGroup;
			children = (
				58C8F1EC1A0DD878001D08CF /* Info.plist */,
				58C8F1ED1A0DD878001D08CF /* main.m */,
			);
			name = "Supporting Files";
			sourceTree = "<group>";
		};
/* End PBXGroup section */

/* Begin PBXNativeTarget section */
		58C8F1E71A0DD878001D08CF /* SPDY Demo */ = {
			isa = PBXNativeTarget;
			buildConfigurationList = 58C8F20E1A0DD878001D08CF /* Build configuration list for PBXNativeTarget "SPDY Demo" */;
			buildPhases = (
				58C8F1E41A0DD878001D08CF /* Sources */,
				58C8F1E51A0DD878001D08CF /* Frameworks */,
				58C8F1E61A0DD878001D08CF /* Resources */,
			);
			buildRules = (
			);
			dependencies = (
			);
			name = "SPDY Demo";
			productName = "SPDY Demo";
			productReference = 58C8F1E81A0DD878001D08CF /* SPDY Demo.app */;
			productType = "com.apple.product-type.application";
		};
		58C8F2031A0DD878001D08CF /* SPDY DemoTests */ = {
			isa = PBXNativeTarget;
			buildConfigurationList = 58C8F2111A0DD878001D08CF /* Build configuration list for PBXNativeTarget "SPDY DemoTests" */;
			buildPhases = (
				58C8F2001A0DD878001D08CF /* Sources */,
				58C8F2011A0DD878001D08CF /* Frameworks */,
				58C8F2021A0DD878001D08CF /* Resources */,
			);
			buildRules = (
			);
			dependencies = (
				58C8F2061A0DD878001D08CF /* PBXTargetDependency */,
			);
			name = "SPDY DemoTests";
			productName = "SPDY DemoTests";
			productReference = 58C8F2041A0DD878001D08CF /* SPDY DemoTests.xctest */;
			productType = "com.apple.product-type.bundle.unit-test";
		};
/* End PBXNativeTarget section */

/* Begin PBXProject section */
		58C8F1E01A0DD878001D08CF /* Project object */ = {
			isa = PBXProject;
			attributes = {
				LastUpgradeCheck = 0600;
				ORGANIZATIONNAME = Slim.cat;
				TargetAttributes = {
					58C8F1E71A0DD878001D08CF = {
						CreatedOnToolsVersion = 6.0.1;
					};
					58C8F2031A0DD878001D08CF = {
						CreatedOnToolsVersion = 6.0.1;
						TestTargetID = 58C8F1E71A0DD878001D08CF;
					};
				};
			};
			buildConfigurationList = 58C8F1E31A0DD878001D08CF /* Build configuration list for PBXProject "SPDY Demo" */;
			compatibilityVersion = "Xcode 3.2";
			developmentRegion = English;
			hasScannedForEncodings = 0;
			knownRegions = (
				en,
				Base,
			);
			mainGroup = 58C8F1DF1A0DD878001D08CF;
			productRefGroup = 58C8F1E91A0DD878001D08CF /* Products */;
			projectDirPath = "";
			projectRoot = "";
			targets = (
				58C8F1E71A0DD878001D08CF /* SPDY Demo */,
				58C8F2031A0DD878001D08CF /* SPDY DemoTests */,
			);
		};
/* End PBXProject section */

/* Begin PBXResourcesBuildPhase section */
		58C8F1E61A0DD878001D08CF /* Resources */ = {
			isa = PBXResourcesBuildPhase;
			buildActionMask = 2147483647;
			files = (
				58C8F1FA1A0DD878001D08CF /* Main.storyboard in Resources */,
				58C8F1FF1A0DD878001D08CF /* LaunchScreen.xib in Resources */,
				58C8F1FC1A0DD878001D08CF /* Images.xcassets in Resources */,
			);
			runOnlyForDeploymentPostprocessing = 0;
		};
		58C8F2021A0DD878001D08CF /* Resources */ = {
			isa = PBXResourcesBuildPhase;
			buildActionMask = 2147483647;
			files = (
			);
			runOnlyForDeploymentPostprocessing = 0;
		};
/* End PBXResourcesBuildPhase section */

/* Begin PBXSourcesBuildPhase section */
		58C8F1E41A0DD878001D08CF /* Sources */ = {
			isa = PBXSourcesBuildPhase;
			buildActionMask = 2147483647;
			files = (
				58C8F2161A0DE0FC001D08CF /* RemoteResourceTableViewController.m in Sources */,
				58C8F2191A0DE5B6001D08CF /* LoadTableViewCell.m in Sources */,
				58C8F1F11A0DD878001D08CF /* AppDelegate.m in Sources */,
				58C8F21C1A0DEA0C001D08CF /* IndexTableViewController.m in Sources */,
				58C8F1EE1A0DD878001D08CF /* main.m in Sources */,
			);
			runOnlyForDeploymentPostprocessing = 0;
		};
		58C8F2001A0DD878001D08CF /* Sources */ = {
			isa = PBXSourcesBuildPhase;
			buildActionMask = 2147483647;
			files = (
			);
			runOnlyForDeploymentPostprocessing = 0;
		};
/* End PBXSourcesBuildPhase section */

/* Begin PBXTargetDependency section */
		58C8F2061A0DD878001D08CF /* PBXTargetDependency */ = {
			isa = PBXTargetDependency;
			target = 58C8F1E71A0DD878001D08CF /* SPDY Demo */;
			targetProxy = 58C8F2051A0DD878001D08CF /* PBXContainerItemProxy */;
		};
/* End PBXTargetDependency section */

/* Begin PBXVariantGroup section */
		58C8F1F81A0DD878001D08CF /* Main.storyboard */ = {
			isa = PBXVariantGroup;
			children = (
				58C8F1F91A0DD878001D08CF /* Base */,
			);
			name = Main.storyboard;
			sourceTree = "<group>";
		};
		58C8F1FD1A0DD878001D08CF /* LaunchScreen.xib */ = {
			isa = PBXVariantGroup;
			children = (
				58C8F1FE1A0DD878001D08CF /* Base */,
			);
			name = LaunchScreen.xib;
			sourceTree = "<group>";
		};
/* End PBXVariantGroup section */

/* Begin XCBuildConfiguration section */
		58C8F20C1A0DD878001D08CF /* Debug */ = {
			isa = XCBuildConfiguration;
			buildSettings = {
				ALWAYS_SEARCH_USER_PATHS = NO;
				CLANG_CXX_LANGUAGE_STANDARD = "gnu++0x";
				CLANG_CXX_LIBRARY = "libc++";
				CLANG_ENABLE_MODULES = YES;
				CLANG_ENABLE_OBJC_ARC = YES;
				CLANG_WARN_BOOL_CONVERSION = YES;
				CLANG_WARN_CONSTANT_CONVERSION = YES;
				CLANG_WARN_DIRECT_OBJC_ISA_USAGE = YES_ERROR;
				CLANG_WARN_EMPTY_BODY = YES;
				CLANG_WARN_ENUM_CONVERSION = YES;
				CLANG_WARN_INT_CONVERSION = YES;
				CLANG_WARN_OBJC_ROOT_CLASS = YES_ERROR;
				CLANG_WARN_UNREACHABLE_CODE = YES;
				CLANG_WARN__DUPLICATE_METHOD_MATCH = YES;
				"CODE_SIGN_IDENTITY[sdk=iphoneos*]" = "iPhone Developer";
				COPY_PHASE_STRIP = NO;
				ENABLE_STRICT_OBJC_MSGSEND = YES;
				GCC_C_LANGUAGE_STANDARD = gnu99;
				GCC_DYNAMIC_NO_PIC = NO;
				GCC_OPTIMIZATION_LEVEL = 0;
				GCC_PREPROCESSOR_DEFINITIONS = (
					"DEBUG=1",
					"$(inherited)",
				);
				GCC_SYMBOLS_PRIVATE_EXTERN = NO;
				GCC_WARN_64_TO_32_BIT_CONVERSION = YES;
				GCC_WARN_ABOUT_RETURN_TYPE = YES_ERROR;
				GCC_WARN_UNDECLARED_SELECTOR = YES;
				GCC_WARN_UNINITIALIZED_AUTOS = YES_AGGRESSIVE;
				GCC_WARN_UNUSED_FUNCTION = YES;
				GCC_WARN_UNUSED_VARIABLE = YES;
				IPHONEOS_DEPLOYMENT_TARGET = 8.0;
				MTL_ENABLE_DEBUG_INFO = YES;
				ONLY_ACTIVE_ARCH = YES;
				SDKROOT = iphoneos;
			};
			name = Debug;
		};
		58C8F20D1A0DD878001D08CF /* Release */ = {
			isa = XCBuildConfiguration;
			buildSettings = {
				ALWAYS_SEARCH_USER_PATHS = NO;
				CLANG_CXX_LANGUAGE_STANDARD = "gnu++0x";
				CLANG_CXX_LIBRARY = "libc++";
				CLANG_ENABLE_MODULES = YES;
				CLANG_ENABLE_OBJC_ARC = YES;
				CLANG_WARN_BOOL_CONVERSION = YES;
				CLANG_WARN_CONSTANT_CONVERSION = YES;
				CLANG_WARN_DIRECT_OBJC_ISA_USAGE = YES_ERROR;
				CLANG_WARN_EMPTY_BODY = YES;
				CLANG_WARN_ENUM_CONVERSION = YES;
				CLANG_WARN_INT_CONVERSION = YES;
				CLANG_WARN_OBJC_ROOT_CLASS = YES_ERROR;
				CLANG_WARN_UNREACHABLE_CODE = YES;
				CLANG_WARN__DUPLICATE_METHOD_MATCH = YES;
				"CODE_SIGN_IDENTITY[sdk=iphoneos*]" = "iPhone Developer";
				COPY_PHASE_STRIP = YES;
				ENABLE_NS_ASSERTIONS = NO;
				ENABLE_STRICT_OBJC_MSGSEND = YES;
				GCC_C_LANGUAGE_STANDARD = gnu99;
				GCC_WARN_64_TO_32_BIT_CONVERSION = YES;
				GCC_WARN_ABOUT_RETURN_TYPE = YES_ERROR;
				GCC_WARN_UNDECLARED_SELECTOR = YES;
				GCC_WARN_UNINITIALIZED_AUTOS = YES_AGGRESSIVE;
				GCC_WARN_UNUSED_FUNCTION = YES;
				GCC_WARN_UNUSED_VARIABLE = YES;
				IPHONEOS_DEPLOYMENT_TARGET = 8.0;
				MTL_ENABLE_DEBUG_INFO = NO;
				SDKROOT = iphoneos;
				VALIDATE_PRODUCT = YES;
			};
			name = Release;
		};
		58C8F20F1A0DD878001D08CF /* Debug */ = {
			isa = XCBuildConfiguration;
			buildSettings = {
				ASSETCATALOG_COMPILER_APPICON_NAME = AppIcon;
				INFOPLIST_FILE = "SPDY Demo/Info.plist";
				IPHONEOS_DEPLOYMENT_TARGET = 8.0;
				LD_RUNPATH_SEARCH_PATHS = "$(inherited) @executable_path/Frameworks";
				PRODUCT_NAME = "$(TARGET_NAME)";
			};
			name = Debug;
		};
		58C8F2101A0DD878001D08CF /* Release */ = {
			isa = XCBuildConfiguration;
			buildSettings = {
				ASSETCATALOG_COMPILER_APPICON_NAME = AppIcon;
				INFOPLIST_FILE = "SPDY Demo/Info.plist";
				IPHONEOS_DEPLOYMENT_TARGET = 8.0;
				LD_RUNPATH_SEARCH_PATHS = "$(inherited) @executable_path/Frameworks";
				PRODUCT_NAME = "$(TARGET_NAME)";
			};
			name = Release;
		};
		58C8F2121A0DD878001D08CF /* Debug */ = {
			isa = XCBuildConfiguration;
			buildSettings = {
				BUNDLE_LOADER = "$(TEST_HOST)";
				FRAMEWORK_SEARCH_PATHS = (
					"$(SDKROOT)/Developer/Library/Frameworks",
					"$(inherited)",
				);
				GCC_PREPROCESSOR_DEFINITIONS = (
					"DEBUG=1",
					"$(inherited)",
				);
				INFOPLIST_FILE = "SPDY DemoTests/Info.plist";
				LD_RUNPATH_SEARCH_PATHS = "$(inherited) @executable_path/Frameworks @loader_path/Frameworks";
				PRODUCT_NAME = "$(TARGET_NAME)";
				TEST_HOST = "$(BUILT_PRODUCTS_DIR)/SPDY Demo.app/SPDY Demo";
			};
			name = Debug;
		};
		58C8F2131A0DD878001D08CF /* Release */ = {
			isa = XCBuildConfiguration;
			buildSettings = {
				BUNDLE_LOADER = "$(TEST_HOST)";
				FRAMEWORK_SEARCH_PATHS = (
					"$(SDKROOT)/Developer/Library/Frameworks",
					"$(inherited)",
				);
				INFOPLIST_FILE = "SPDY DemoTests/Info.plist";
				LD_RUNPATH_SEARCH_PATHS = "$(inherited) @executable_path/Frameworks @loader_path/Frameworks";
				PRODUCT_NAME = "$(TARGET_NAME)";
				TEST_HOST = "$(BUILT_PRODUCTS_DIR)/SPDY Demo.app/SPDY Demo";
			};
			name = Release;
		};
/* End XCBuildConfiguration section */

/* Begin XCConfigurationList section */
		58C8F1E31A0DD878001D08CF /* Build configuration list for PBXProject "SPDY Demo" */ = {
			isa = XCConfigurationList;
			buildConfigurations = (
				58C8F20C1A0DD878001D08CF /* Debug */,
				58C8F20D1A0DD878001D08CF /* Release */,
			);
			defaultConfigurationIsVisible = 0;
			defaultConfigurationName = Release;
		};
		58C8F20E1A0DD878001D08CF /* Build configuration list for PBXNativeTarget "SPDY Demo" */ = {
			isa = XCConfigurationList;
			buildConfigurations = (
				58C8F20F1A0DD878001D08CF /* Debug */,
				58C8F2101A0DD878001D08CF /* Release */,
			);
			defaultConfigurationIsVisible = 0;
		};
		58C8F2111A0DD878001D08CF /* Build configuration list for PBXNativeTarget "SPDY DemoTests" */ = {
			isa = XCConfigurationList;
			buildConfigurations = (
				58C8F2121A0DD878001D08CF /* Debug */,
				58C8F2131A0DD878001D08CF /* Release */,
			);
			defaultConfigurationIsVisible = 0;
		};
/* End XCConfigurationList section */
	};
	rootObject = 58C8F1E01A0DD878001D08CF /* Project object */;
}
